// !$*UTF8*$!
{
  archiveVersion = 1;
  classes = {
  };
  objectVersion = 46;
  objects = {

    /* Begin PBXBuildFile section */
    /* End PBXBuildFile section */

    /* Begin PBXFileReference section */
        /* Add file references here */
    /* End PBXFileReference section */

    /* Begin PBXGroup section */
    /* End PBXGroup section */

    /* Begin PBXProject section */
    /* End PBXProject section */

    /* Begin PBXTarget section */
    /* End PBXTarget section */

  };
  rootObject = <Project ID>;
}